
Microsoft Visual Studio Solution File, Format Version 12.00
# Visual Studio Version 17
VisualStudioVersion = 17.8.34309.116
MinimumVisualStudioVersion = 10.0.40219.1
Project("{FAE04EC0-301F-11D3-BF4B-00C04F79EFBC}") = "Lesson19Ex1", "Lesson19Ex1\Lesson19Ex1.csproj", "{E1197647-0196-4DD5-B9D1-96C56ABF88AF}"
EndProject
Project("{FAE04EC0-301F-11D3-BF4B-00C04F79EFBC}") = "Lesson19Ex2", "Lesson19Ex2\Lesson19Ex2.csproj", "{57EC7B26-C126-438C-94DB-420E7426EC4E}"
EndProject
Project("{FAE04EC0-301F-11D3-BF4B-00C04F79EFBC}") = "Lesson19Ex2.2", "Lesson19Ex2.2\Lesson19Ex2.2.csproj", "{4B9CFF9B-8D57-4281-A4C6-90A9C82782A9}"
EndProject
Project("{FAE04EC0-301F-11D3-BF4B-00C04F79EFBC}") = "Lesson19 Ex3", "Lesson19 Ex3\Lesson19 Ex3.csproj", "{9204BF3C-9754-4111-ADB7-C8122D070588}"
EndProject
Global
	GlobalSection(SolutionConfigurationPlatforms) = preSolution
		Debug|Any CPU = Debug|Any CPU
		Release|Any CPU = Release|Any CPU
	EndGlobalSection
	GlobalSection(ProjectConfigurationPlatforms) = postSolution
		{E1197647-0196-4DD5-B9D1-96C56ABF88AF}.Debug|Any CPU.ActiveCfg = Debug|Any CPU
		{E1197647-0196-4DD5-B9D1-96C56ABF88AF}.Debug|Any CPU.Build.0 = Debug|Any CPU
		{E1197647-0196-4DD5-B9D1-96C56ABF88AF}.Release|Any CPU.ActiveCfg = Release|Any CPU
		{E1197647-0196-4DD5-B9D1-96C56ABF88AF}.Release|Any CPU.Build.0 = Release|Any CPU
		{57EC7B26-C126-438C-94DB-420E7426EC4E}.Debug|Any CPU.ActiveCfg = Debug|Any CPU
		{57EC7B26-C126-438C-94DB-420E7426EC4E}.Debug|Any CPU.Build.0 = Debug|Any CPU
		{57EC7B26-C126-438C-94DB-420E7426EC4E}.Release|Any CPU.ActiveCfg = Release|Any CPU
		{57EC7B26-C126-438C-94DB-420E7426EC4E}.Release|Any CPU.Build.0 = Release|Any CPU
		{4B9CFF9B-8D57-4281-A4C6-90A9C82782A9}.Debug|Any CPU.ActiveCfg = Debug|Any CPU
		{4B9CFF9B-8D57-4281-A4C6-90A9C82782A9}.Debug|Any CPU.Build.0 = Debug|Any CPU
		{4B9CFF9B-8D57-4281-A4C6-90A9C82782A9}.Release|Any CPU.ActiveCfg = Release|Any CPU
		{4B9CFF9B-8D57-4281-A4C6-90A9C82782A9}.Release|Any CPU.Build.0 = Release|Any CPU
		{9204BF3C-9754-4111-ADB7-C8122D070588}.Debug|Any CPU.ActiveCfg = Debug|Any CPU
		{9204BF3C-9754-4111-ADB7-C8122D070588}.Debug|Any CPU.Build.0 = Debug|Any CPU
		{9204BF3C-9754-4111-ADB7-C8122D070588}.Release|Any CPU.ActiveCfg = Release|Any CPU
		{9204BF3C-9754-4111-ADB7-C8122D070588}.Release|Any CPU.Build.0 = Release|Any CPU
	EndGlobalSection
	GlobalSection(SolutionProperties) = preSolution
		HideSolutionNode = FALSE
	EndGlobalSection
	GlobalSection(ExtensibilityGlobals) = postSolution
		SolutionGuid = {4E670542-E031-4AC0-BB4B-53738613870D}
	EndGlobalSection
EndGlobal
