
Microsoft Visual Studio Solution File, Format Version 12.00
# Visual Studio Version 17
VisualStudioVersion = 17.8.34309.116
MinimumVisualStudioVersion = 10.0.40219.1
Project("{FAE04EC0-301F-11D3-BF4B-00C04F79EFBC}") = "Les8Ex1", "Les8Ex1\Les8Ex1.csproj", "{15880470-5283-4C72-8150-B31E2C82CC04}"
EndProject
Project("{FAE04EC0-301F-11D3-BF4B-00C04F79EFBC}") = "Les8Ex2", "Les8Ex2\Les8Ex2.csproj", "{58D9FFCA-3AB7-4882-987C-0C6E3D1DF25E}"
EndProject
Global
	GlobalSection(SolutionConfigurationPlatforms) = preSolution
		Debug|Any CPU = Debug|Any CPU
		Release|Any CPU = Release|Any CPU
	EndGlobalSection
	GlobalSection(ProjectConfigurationPlatforms) = postSolution
		{15880470-5283-4C72-8150-B31E2C82CC04}.Debug|Any CPU.ActiveCfg = Debug|Any CPU
		{15880470-5283-4C72-8150-B31E2C82CC04}.Debug|Any CPU.Build.0 = Debug|Any CPU
		{15880470-5283-4C72-8150-B31E2C82CC04}.Release|Any CPU.ActiveCfg = Release|Any CPU
		{15880470-5283-4C72-8150-B31E2C82CC04}.Release|Any CPU.Build.0 = Release|Any CPU
		{58D9FFCA-3AB7-4882-987C-0C6E3D1DF25E}.Debug|Any CPU.ActiveCfg = Debug|Any CPU
		{58D9FFCA-3AB7-4882-987C-0C6E3D1DF25E}.Debug|Any CPU.Build.0 = Debug|Any CPU
		{58D9FFCA-3AB7-4882-987C-0C6E3D1DF25E}.Release|Any CPU.ActiveCfg = Release|Any CPU
		{58D9FFCA-3AB7-4882-987C-0C6E3D1DF25E}.Release|Any CPU.Build.0 = Release|Any CPU
	EndGlobalSection
	GlobalSection(SolutionProperties) = preSolution
		HideSolutionNode = FALSE
	EndGlobalSection
	GlobalSection(ExtensibilityGlobals) = postSolution
		SolutionGuid = {86276606-8949-44ED-B055-9BB7C48485B6}
	EndGlobalSection
EndGlobal
