
Microsoft Visual Studio Solution File, Format Version 12.00
# Visual Studio Version 17
VisualStudioVersion = 17.8.34309.116
MinimumVisualStudioVersion = 10.0.40219.1
Project("{FAE04EC0-301F-11D3-BF4B-00C04F79EFBC}") = "Les15Ex1", "Les15Ex1\Les15Ex1.csproj", "{A6B583C1-4735-4982-A418-225A1B7C78BA}"
EndProject
Global
	GlobalSection(SolutionConfigurationPlatforms) = preSolution
		Debug|Any CPU = Debug|Any CPU
		Release|Any CPU = Release|Any CPU
	EndGlobalSection
	GlobalSection(ProjectConfigurationPlatforms) = postSolution
		{A6B583C1-4735-4982-A418-225A1B7C78BA}.Debug|Any CPU.ActiveCfg = Debug|Any CPU
		{A6B583C1-4735-4982-A418-225A1B7C78BA}.Debug|Any CPU.Build.0 = Debug|Any CPU
		{A6B583C1-4735-4982-A418-225A1B7C78BA}.Release|Any CPU.ActiveCfg = Release|Any CPU
		{A6B583C1-4735-4982-A418-225A1B7C78BA}.Release|Any CPU.Build.0 = Release|Any CPU
	EndGlobalSection
	GlobalSection(SolutionProperties) = preSolution
		HideSolutionNode = FALSE
	EndGlobalSection
	GlobalSection(ExtensibilityGlobals) = postSolution
		SolutionGuid = {ABF3438B-BABC-418A-9126-FED0D022F39E}
	EndGlobalSection
EndGlobal
