
Microsoft Visual Studio Solution File, Format Version 12.00
# Visual Studio Version 17
VisualStudioVersion = 17.8.34309.116
MinimumVisualStudioVersion = 10.0.40219.1
Project("{9A19103F-16F7-4668-BE54-9A1E7A4F7556}") = "Lesson16Ex1", "Lesson16Ex1\Lesson16Ex1.csproj", "{9C999DE1-9943-4E9E-BFB0-05D076FDFCEB}"
EndProject
Project("{FAE04EC0-301F-11D3-BF4B-00C04F79EFBC}") = "Lesson16_2", "Lesson16_2\Lesson16_2.csproj", "{D0836B6C-99B4-4858-94EE-C445A64A357B}"
EndProject
Project("{FAE04EC0-301F-11D3-BF4B-00C04F79EFBC}") = "Lesson16Ex4", "Lesson16Ex4\Lesson16Ex4.csproj", "{60E2723E-2645-4C3A-B644-7964F4DDB658}"
EndProject
Global
	GlobalSection(SolutionConfigurationPlatforms) = preSolution
		Debug|Any CPU = Debug|Any CPU
		Release|Any CPU = Release|Any CPU
	EndGlobalSection
	GlobalSection(ProjectConfigurationPlatforms) = postSolution
		{9C999DE1-9943-4E9E-BFB0-05D076FDFCEB}.Debug|Any CPU.ActiveCfg = Debug|Any CPU
		{9C999DE1-9943-4E9E-BFB0-05D076FDFCEB}.Debug|Any CPU.Build.0 = Debug|Any CPU
		{9C999DE1-9943-4E9E-BFB0-05D076FDFCEB}.Release|Any CPU.ActiveCfg = Release|Any CPU
		{9C999DE1-9943-4E9E-BFB0-05D076FDFCEB}.Release|Any CPU.Build.0 = Release|Any CPU
		{D0836B6C-99B4-4858-94EE-C445A64A357B}.Debug|Any CPU.ActiveCfg = Debug|Any CPU
		{D0836B6C-99B4-4858-94EE-C445A64A357B}.Debug|Any CPU.Build.0 = Debug|Any CPU
		{D0836B6C-99B4-4858-94EE-C445A64A357B}.Release|Any CPU.ActiveCfg = Release|Any CPU
		{D0836B6C-99B4-4858-94EE-C445A64A357B}.Release|Any CPU.Build.0 = Release|Any CPU
		{60E2723E-2645-4C3A-B644-7964F4DDB658}.Debug|Any CPU.ActiveCfg = Debug|Any CPU
		{60E2723E-2645-4C3A-B644-7964F4DDB658}.Debug|Any CPU.Build.0 = Debug|Any CPU
		{60E2723E-2645-4C3A-B644-7964F4DDB658}.Release|Any CPU.ActiveCfg = Release|Any CPU
		{60E2723E-2645-4C3A-B644-7964F4DDB658}.Release|Any CPU.Build.0 = Release|Any CPU
	EndGlobalSection
	GlobalSection(SolutionProperties) = preSolution
		HideSolutionNode = FALSE
	EndGlobalSection
	GlobalSection(ExtensibilityGlobals) = postSolution
		SolutionGuid = {B3AAD8B0-960F-4814-8EA5-3886357E170B}
	EndGlobalSection
EndGlobal
