
Microsoft Visual Studio Solution File, Format Version 12.00
# Visual Studio Version 17
VisualStudioVersion = 17.8.34309.116
MinimumVisualStudioVersion = 10.0.40219.1
Project("{9A19103F-16F7-4668-BE54-9A1E7A4F7556}") = "EX1", "EX1\EX1.csproj", "{5BE17F63-472B-450F-BC4C-87497F7A57C8}"
EndProject
Project("{FAE04EC0-301F-11D3-BF4B-00C04F79EFBC}") = "EX2", "EX2\EX2.csproj", "{8FFAF708-C996-46D0-8AD5-99564FE237FE}"
EndProject
Project("{FAE04EC0-301F-11D3-BF4B-00C04F79EFBC}") = "EX3", "EX3\EX3.csproj", "{D694160B-6D8D-4E2F-87FE-158C35C077E4}"
EndProject
Global
	GlobalSection(SolutionConfigurationPlatforms) = preSolution
		Debug|Any CPU = Debug|Any CPU
		Release|Any CPU = Release|Any CPU
	EndGlobalSection
	GlobalSection(ProjectConfigurationPlatforms) = postSolution
		{5BE17F63-472B-450F-BC4C-87497F7A57C8}.Debug|Any CPU.ActiveCfg = Debug|Any CPU
		{5BE17F63-472B-450F-BC4C-87497F7A57C8}.Debug|Any CPU.Build.0 = Debug|Any CPU
		{5BE17F63-472B-450F-BC4C-87497F7A57C8}.Release|Any CPU.ActiveCfg = Release|Any CPU
		{5BE17F63-472B-450F-BC4C-87497F7A57C8}.Release|Any CPU.Build.0 = Release|Any CPU
		{8FFAF708-C996-46D0-8AD5-99564FE237FE}.Debug|Any CPU.ActiveCfg = Debug|Any CPU
		{8FFAF708-C996-46D0-8AD5-99564FE237FE}.Debug|Any CPU.Build.0 = Debug|Any CPU
		{8FFAF708-C996-46D0-8AD5-99564FE237FE}.Release|Any CPU.ActiveCfg = Release|Any CPU
		{8FFAF708-C996-46D0-8AD5-99564FE237FE}.Release|Any CPU.Build.0 = Release|Any CPU
		{D694160B-6D8D-4E2F-87FE-158C35C077E4}.Debug|Any CPU.ActiveCfg = Debug|Any CPU
		{D694160B-6D8D-4E2F-87FE-158C35C077E4}.Debug|Any CPU.Build.0 = Debug|Any CPU
		{D694160B-6D8D-4E2F-87FE-158C35C077E4}.Release|Any CPU.ActiveCfg = Release|Any CPU
		{D694160B-6D8D-4E2F-87FE-158C35C077E4}.Release|Any CPU.Build.0 = Release|Any CPU
	EndGlobalSection
	GlobalSection(SolutionProperties) = preSolution
		HideSolutionNode = FALSE
	EndGlobalSection
	GlobalSection(ExtensibilityGlobals) = postSolution
		SolutionGuid = {6FF4C6E5-6403-492E-9EB7-C3E0FEF55EDF}
	EndGlobalSection
EndGlobal
