
Microsoft Visual Studio Solution File, Format Version 12.00
# Visual Studio Version 17
VisualStudioVersion = 17.8.34309.116
MinimumVisualStudioVersion = 10.0.40219.1
Project("{FAE04EC0-301F-11D3-BF4B-00C04F79EFBC}") = "Lesson18Ex1", "Lesson18Ex1\Lesson18Ex1.csproj", "{494DC619-6B83-4318-A4E9-58E90DEB1BA9}"
EndProject
Project("{FAE04EC0-301F-11D3-BF4B-00C04F79EFBC}") = "Lesson18Ex2", "Lesson18Ex2\Lesson18Ex2.csproj", "{EF5339D2-7E80-4236-96F9-33D3EC323BA2}"
EndProject
Project("{FAE04EC0-301F-11D3-BF4B-00C04F79EFBC}") = "Lesson18Ex3", "Lesson18Ex3\Lesson18Ex3.csproj", "{8499A702-2AC6-4DB7-9712-3E7344B767CA}"
EndProject
Project("{FAE04EC0-301F-11D3-BF4B-00C04F79EFBC}") = "Lesson18Ex4", "Lesson18Ex4\Lesson18Ex4.csproj", "{5C9426F6-ACCB-48EA-86DD-6BAE4CBE419D}"
EndProject
Global
	GlobalSection(SolutionConfigurationPlatforms) = preSolution
		Debug|Any CPU = Debug|Any CPU
		Release|Any CPU = Release|Any CPU
	EndGlobalSection
	GlobalSection(ProjectConfigurationPlatforms) = postSolution
		{494DC619-6B83-4318-A4E9-58E90DEB1BA9}.Debug|Any CPU.ActiveCfg = Debug|Any CPU
		{494DC619-6B83-4318-A4E9-58E90DEB1BA9}.Debug|Any CPU.Build.0 = Debug|Any CPU
		{494DC619-6B83-4318-A4E9-58E90DEB1BA9}.Release|Any CPU.ActiveCfg = Release|Any CPU
		{494DC619-6B83-4318-A4E9-58E90DEB1BA9}.Release|Any CPU.Build.0 = Release|Any CPU
		{EF5339D2-7E80-4236-96F9-33D3EC323BA2}.Debug|Any CPU.ActiveCfg = Debug|Any CPU
		{EF5339D2-7E80-4236-96F9-33D3EC323BA2}.Debug|Any CPU.Build.0 = Debug|Any CPU
		{EF5339D2-7E80-4236-96F9-33D3EC323BA2}.Release|Any CPU.ActiveCfg = Release|Any CPU
		{EF5339D2-7E80-4236-96F9-33D3EC323BA2}.Release|Any CPU.Build.0 = Release|Any CPU
		{8499A702-2AC6-4DB7-9712-3E7344B767CA}.Debug|Any CPU.ActiveCfg = Debug|Any CPU
		{8499A702-2AC6-4DB7-9712-3E7344B767CA}.Debug|Any CPU.Build.0 = Debug|Any CPU
		{8499A702-2AC6-4DB7-9712-3E7344B767CA}.Release|Any CPU.ActiveCfg = Release|Any CPU
		{8499A702-2AC6-4DB7-9712-3E7344B767CA}.Release|Any CPU.Build.0 = Release|Any CPU
		{5C9426F6-ACCB-48EA-86DD-6BAE4CBE419D}.Debug|Any CPU.ActiveCfg = Debug|Any CPU
		{5C9426F6-ACCB-48EA-86DD-6BAE4CBE419D}.Debug|Any CPU.Build.0 = Debug|Any CPU
		{5C9426F6-ACCB-48EA-86DD-6BAE4CBE419D}.Release|Any CPU.ActiveCfg = Release|Any CPU
		{5C9426F6-ACCB-48EA-86DD-6BAE4CBE419D}.Release|Any CPU.Build.0 = Release|Any CPU
	EndGlobalSection
	GlobalSection(SolutionProperties) = preSolution
		HideSolutionNode = FALSE
	EndGlobalSection
	GlobalSection(ExtensibilityGlobals) = postSolution
		SolutionGuid = {9163218F-07C1-4CF8-A491-3DA4F68D407E}
	EndGlobalSection
EndGlobal
